
Microsoft Visual Studio Solution File, Format Version 12.00
# Visual Studio Version 17
VisualStudioVersion = 17.6.33723.286
MinimumVisualStudioVersion = 10.0.40219.1
Project("{FAE04EC0-301F-11D3-BF4B-00C04F79EFBC}") = "SuiviVaccinationCovidCodeFirst", "SuiviVaccinationCovidCodeFirst.csproj", "{C6D56710-FD7D-47DC-808F-BB4A1AA33948}"
EndProject
Global
	GlobalSection(SolutionConfigurationPlatforms) = preSolution
		Debug|Any CPU = Debug|Any CPU
		Release|Any CPU = Release|Any CPU
	EndGlobalSection
	GlobalSection(ProjectConfigurationPlatforms) = postSolution
		{C6D56710-FD7D-47DC-808F-BB4A1AA33948}.Debug|Any CPU.ActiveCfg = Debug|Any CPU
		{C6D56710-FD7D-47DC-808F-BB4A1AA33948}.Debug|Any CPU.Build.0 = Debug|Any CPU
		{C6D56710-FD7D-47DC-808F-BB4A1AA33948}.Release|Any CPU.ActiveCfg = Release|Any CPU
		{C6D56710-FD7D-47DC-808F-BB4A1AA33948}.Release|Any CPU.Build.0 = Release|Any CPU
	EndGlobalSection
	GlobalSection(SolutionProperties) = preSolution
		HideSolutionNode = FALSE
	EndGlobalSection
	GlobalSection(ExtensibilityGlobals) = postSolution
		SolutionGuid = {0037AD11-16F9-48F7-88F4-A1822952D48F}
	EndGlobalSection
EndGlobal
